
Microsoft Visual Studio Solution File, Format Version 12.00
# Visual Studio Version 17
VisualStudioVersion = 17.7.34024.191
MinimumVisualStudioVersion = 10.0.40219.1
Project("{FAE04EC0-301F-11D3-BF4B-00C04F79EFBC}") = "Project_63134085", "Project_63134085\Project_63134085.csproj", "{1AFC6923-D793-4C83-9616-1056872A2A0D}"
EndProject
Global
	GlobalSection(SolutionConfigurationPlatforms) = preSolution
		Debug|Any CPU = Debug|Any CPU
		Release|Any CPU = Release|Any CPU
	EndGlobalSection
	GlobalSection(ProjectConfigurationPlatforms) = postSolution
		{1AFC6923-D793-4C83-9616-1056872A2A0D}.Debug|Any CPU.ActiveCfg = Debug|Any CPU
		{1AFC6923-D793-4C83-9616-1056872A2A0D}.Debug|Any CPU.Build.0 = Debug|Any CPU
		{1AFC6923-D793-4C83-9616-1056872A2A0D}.Release|Any CPU.ActiveCfg = Release|Any CPU
		{1AFC6923-D793-4C83-9616-1056872A2A0D}.Release|Any CPU.Build.0 = Release|Any CPU
	EndGlobalSection
	GlobalSection(SolutionProperties) = preSolution
		HideSolutionNode = FALSE
	EndGlobalSection
	GlobalSection(ExtensibilityGlobals) = postSolution
		SolutionGuid = {783CD1B1-F7C9-49B1-AD14-92E74CE5783B}
	EndGlobalSection
EndGlobal
